
Microsoft Visual Studio Solution File, Format Version 12.00
# Visual Studio 15
VisualStudioVersion = 15.0.27703.2000
MinimumVisualStudioVersion = 10.0.40219.1
Project("{FAE04EC0-301F-11D3-BF4B-00C04F79EFBC}") = "ExcelProcess", "ExcelProcess\ExcelProcess.csproj", "{85CBBB99-C653-434F-80A7-895E8547D58B}"
EndProject
Project("{FAE04EC0-301F-11D3-BF4B-00C04F79EFBC}") = "FuncLibrary", "FuncLibrary\FuncLibrary.csproj", "{2EC1F86B-2CCF-4D89-83FF-AFAC034B2119}"
EndProject
Project("{C7167F0D-BC9F-4E6E-AFE1-012C56B48DB5}") = "Setup", "Setup\Setup.wapproj", "{DEADC886-1DB2-4856-96CC-96B5D35E675D}"
EndProject
Global
	GlobalSection(SolutionConfigurationPlatforms) = preSolution
		Debug|Any CPU = Debug|Any CPU
		Debug|x64 = Debug|x64
		Debug|x86 = Debug|x86
		Release|Any CPU = Release|Any CPU
		Release|x64 = Release|x64
		Release|x86 = Release|x86
	EndGlobalSection
	GlobalSection(ProjectConfigurationPlatforms) = postSolution
		{85CBBB99-C653-434F-80A7-895E8547D58B}.Debug|Any CPU.ActiveCfg = Debug|Any CPU
		{85CBBB99-C653-434F-80A7-895E8547D58B}.Debug|Any CPU.Build.0 = Debug|Any CPU
		{85CBBB99-C653-434F-80A7-895E8547D58B}.Debug|x64.ActiveCfg = Debug|Any CPU
		{85CBBB99-C653-434F-80A7-895E8547D58B}.Debug|x64.Build.0 = Debug|Any CPU
		{85CBBB99-C653-434F-80A7-895E8547D58B}.Debug|x86.ActiveCfg = Debug|Any CPU
		{85CBBB99-C653-434F-80A7-895E8547D58B}.Debug|x86.Build.0 = Debug|Any CPU
		{85CBBB99-C653-434F-80A7-895E8547D58B}.Release|Any CPU.ActiveCfg = Release|Any CPU
		{85CBBB99-C653-434F-80A7-895E8547D58B}.Release|Any CPU.Build.0 = Release|Any CPU
		{85CBBB99-C653-434F-80A7-895E8547D58B}.Release|x64.ActiveCfg = Release|Any CPU
		{85CBBB99-C653-434F-80A7-895E8547D58B}.Release|x64.Build.0 = Release|Any CPU
		{85CBBB99-C653-434F-80A7-895E8547D58B}.Release|x86.ActiveCfg = Release|Any CPU
		{85CBBB99-C653-434F-80A7-895E8547D58B}.Release|x86.Build.0 = Release|Any CPU
		{2EC1F86B-2CCF-4D89-83FF-AFAC034B2119}.Debug|Any CPU.ActiveCfg = Debug|Any CPU
		{2EC1F86B-2CCF-4D89-83FF-AFAC034B2119}.Debug|Any CPU.Build.0 = Debug|Any CPU
		{2EC1F86B-2CCF-4D89-83FF-AFAC034B2119}.Debug|x64.ActiveCfg = Debug|Any CPU
		{2EC1F86B-2CCF-4D89-83FF-AFAC034B2119}.Debug|x64.Build.0 = Debug|Any CPU
		{2EC1F86B-2CCF-4D89-83FF-AFAC034B2119}.Debug|x86.ActiveCfg = Debug|Any CPU
		{2EC1F86B-2CCF-4D89-83FF-AFAC034B2119}.Debug|x86.Build.0 = Debug|Any CPU
		{2EC1F86B-2CCF-4D89-83FF-AFAC034B2119}.Release|Any CPU.ActiveCfg = Release|Any CPU
		{2EC1F86B-2CCF-4D89-83FF-AFAC034B2119}.Release|Any CPU.Build.0 = Release|Any CPU
		{2EC1F86B-2CCF-4D89-83FF-AFAC034B2119}.Release|x64.ActiveCfg = Release|Any CPU
		{2EC1F86B-2CCF-4D89-83FF-AFAC034B2119}.Release|x64.Build.0 = Release|Any CPU
		{2EC1F86B-2CCF-4D89-83FF-AFAC034B2119}.Release|x86.ActiveCfg = Release|Any CPU
		{2EC1F86B-2CCF-4D89-83FF-AFAC034B2119}.Release|x86.Build.0 = Release|Any CPU
		{DEADC886-1DB2-4856-96CC-96B5D35E675D}.Debug|Any CPU.ActiveCfg = Debug|Any CPU
		{DEADC886-1DB2-4856-96CC-96B5D35E675D}.Debug|Any CPU.Build.0 = Debug|Any CPU
		{DEADC886-1DB2-4856-96CC-96B5D35E675D}.Debug|Any CPU.Deploy.0 = Debug|Any CPU
		{DEADC886-1DB2-4856-96CC-96B5D35E675D}.Debug|x64.ActiveCfg = Debug|x64
		{DEADC886-1DB2-4856-96CC-96B5D35E675D}.Debug|x64.Build.0 = Debug|x64
		{DEADC886-1DB2-4856-96CC-96B5D35E675D}.Debug|x64.Deploy.0 = Debug|x64
		{DEADC886-1DB2-4856-96CC-96B5D35E675D}.Debug|x86.ActiveCfg = Debug|x86
		{DEADC886-1DB2-4856-96CC-96B5D35E675D}.Debug|x86.Build.0 = Debug|x86
		{DEADC886-1DB2-4856-96CC-96B5D35E675D}.Debug|x86.Deploy.0 = Debug|x86
		{DEADC886-1DB2-4856-96CC-96B5D35E675D}.Release|Any CPU.ActiveCfg = Release|Any CPU
		{DEADC886-1DB2-4856-96CC-96B5D35E675D}.Release|Any CPU.Build.0 = Release|Any CPU
		{DEADC886-1DB2-4856-96CC-96B5D35E675D}.Release|Any CPU.Deploy.0 = Release|Any CPU
		{DEADC886-1DB2-4856-96CC-96B5D35E675D}.Release|x64.ActiveCfg = Release|x64
		{DEADC886-1DB2-4856-96CC-96B5D35E675D}.Release|x64.Build.0 = Release|x64
		{DEADC886-1DB2-4856-96CC-96B5D35E675D}.Release|x64.Deploy.0 = Release|x64
		{DEADC886-1DB2-4856-96CC-96B5D35E675D}.Release|x86.ActiveCfg = Release|x86
		{DEADC886-1DB2-4856-96CC-96B5D35E675D}.Release|x86.Build.0 = Release|x86
		{DEADC886-1DB2-4856-96CC-96B5D35E675D}.Release|x86.Deploy.0 = Release|x86
	EndGlobalSection
	GlobalSection(SolutionProperties) = preSolution
		HideSolutionNode = FALSE
	EndGlobalSection
	GlobalSection(ExtensibilityGlobals) = postSolution
		SolutionGuid = {4DAF91E5-80DE-4258-A6A5-32FDE7F63932}
	EndGlobalSection
EndGlobal
